
Microsoft Visual Studio Solution File, Format Version 12.00
# Visual Studio Version 17
VisualStudioVersion = 17.3.32929.385
MinimumVisualStudioVersion = 10.0.40219.1
Project("{FAE04EC0-301F-11D3-BF4B-00C04F79EFBC}") = "WPF_home", "WPF_home\WPF_home.csproj", "{BB41F0F5-3422-48CC-8C95-A9CAB78F456B}"
EndProject
Global
	GlobalSection(SolutionConfigurationPlatforms) = preSolution
		Debug|Any CPU = Debug|Any CPU
		Release|Any CPU = Release|Any CPU
	EndGlobalSection
	GlobalSection(ProjectConfigurationPlatforms) = postSolution
		{BB41F0F5-3422-48CC-8C95-A9CAB78F456B}.Debug|Any CPU.ActiveCfg = Debug|Any CPU
		{BB41F0F5-3422-48CC-8C95-A9CAB78F456B}.Debug|Any CPU.Build.0 = Debug|Any CPU
		{BB41F0F5-3422-48CC-8C95-A9CAB78F456B}.Release|Any CPU.ActiveCfg = Release|Any CPU
		{BB41F0F5-3422-48CC-8C95-A9CAB78F456B}.Release|Any CPU.Build.0 = Release|Any CPU
	EndGlobalSection
	GlobalSection(SolutionProperties) = preSolution
		HideSolutionNode = FALSE
	EndGlobalSection
	GlobalSection(ExtensibilityGlobals) = postSolution
		SolutionGuid = {513BBE2B-5519-43F9-AE46-9A77E2E294D7}
	EndGlobalSection
EndGlobal
